
Microsoft Visual Studio Solution File, Format Version 12.00
# Visual Studio 15
VisualStudioVersion = 15.0.28010.2041
MinimumVisualStudioVersion = 10.0.40219.1
Project("{9A19103F-16F7-4668-BE54-9A1E7A4F7556}") = "SchoolBench", "SchoolBench\SchoolBench.csproj", "{688166F6-6B88-4CB7-82DF-9542ABDB7368}"
EndProject
Project("{9A19103F-16F7-4668-BE54-9A1E7A4F7556}") = "SchoolBench.IS4", "SchoolBench.IS4\SchoolBench.IS4.csproj", "{C6AD974B-9553-426E-8BA6-EE27606ADBAE}"
EndProject
Project("{9A19103F-16F7-4668-BE54-9A1E7A4F7556}") = "SchoolBench.Repository", "SchoolBench.Repository\SchoolBench.Repository.csproj", "{304D5350-E63F-4326-AE77-8C16364AAA11}"
EndProject
Project("{FAE04EC0-301F-11D3-BF4B-00C04F79EFBC}") = "SchoolBench.Api", "SchoolBench.Api\SchoolBench.Api.csproj", "{163EF41E-9353-41C8-AD41-CD7623FD4282}"
EndProject
Global
	GlobalSection(SolutionConfigurationPlatforms) = preSolution
		Debug|Any CPU = Debug|Any CPU
		Release|Any CPU = Release|Any CPU
	EndGlobalSection
	GlobalSection(ProjectConfigurationPlatforms) = postSolution
		{688166F6-6B88-4CB7-82DF-9542ABDB7368}.Debug|Any CPU.ActiveCfg = Debug|Any CPU
		{688166F6-6B88-4CB7-82DF-9542ABDB7368}.Debug|Any CPU.Build.0 = Debug|Any CPU
		{688166F6-6B88-4CB7-82DF-9542ABDB7368}.Release|Any CPU.ActiveCfg = Release|Any CPU
		{688166F6-6B88-4CB7-82DF-9542ABDB7368}.Release|Any CPU.Build.0 = Release|Any CPU
		{C6AD974B-9553-426E-8BA6-EE27606ADBAE}.Debug|Any CPU.ActiveCfg = Debug|Any CPU
		{C6AD974B-9553-426E-8BA6-EE27606ADBAE}.Debug|Any CPU.Build.0 = Debug|Any CPU
		{C6AD974B-9553-426E-8BA6-EE27606ADBAE}.Release|Any CPU.ActiveCfg = Release|Any CPU
		{C6AD974B-9553-426E-8BA6-EE27606ADBAE}.Release|Any CPU.Build.0 = Release|Any CPU
		{304D5350-E63F-4326-AE77-8C16364AAA11}.Debug|Any CPU.ActiveCfg = Debug|Any CPU
		{304D5350-E63F-4326-AE77-8C16364AAA11}.Debug|Any CPU.Build.0 = Debug|Any CPU
		{304D5350-E63F-4326-AE77-8C16364AAA11}.Release|Any CPU.ActiveCfg = Release|Any CPU
		{304D5350-E63F-4326-AE77-8C16364AAA11}.Release|Any CPU.Build.0 = Release|Any CPU
		{163EF41E-9353-41C8-AD41-CD7623FD4282}.Debug|Any CPU.ActiveCfg = Debug|Any CPU
		{163EF41E-9353-41C8-AD41-CD7623FD4282}.Debug|Any CPU.Build.0 = Debug|Any CPU
		{163EF41E-9353-41C8-AD41-CD7623FD4282}.Release|Any CPU.ActiveCfg = Release|Any CPU
		{163EF41E-9353-41C8-AD41-CD7623FD4282}.Release|Any CPU.Build.0 = Release|Any CPU
	EndGlobalSection
	GlobalSection(SolutionProperties) = preSolution
		HideSolutionNode = FALSE
	EndGlobalSection
	GlobalSection(ExtensibilityGlobals) = postSolution
		SolutionGuid = {156C4F75-4BB3-4BC6-8854-9E22AD9A469C}
	EndGlobalSection
EndGlobal
